// !$*UTF8*$!
{
	archiveVersion = 1;
	classes = {
	};
	objectVersion = 77;
	objects = {

/* Begin PBXContainerItemProxy section */
		795AB5FC2E0C560500BA13D5 /* PBXContainerItemProxy */ = {
			isa = PBXContainerItemProxy;
			containerPortal = 795AB5E22E0C560400BA13D5 /* Project object */;
			proxyType = 1;
			remoteGlobalIDString = 795AB5E92E0C560400BA13D5;
			remoteInfo = NetworkSwitch;
		};
		795AB6062E0C560500BA13D5 /* PBXContainerItemProxy */ = {
			isa = PBXContainerItemProxy;
			containerPortal = 795AB5E22E0C560400BA13D5 /* Project object */;
			proxyType = 1;
			remoteGlobalIDString = 795AB5E92E0C560400BA13D5;
			remoteInfo = NetworkSwitch;
		};
/* End PBXContainerItemProxy section */

/* Begin PBXFileReference section */
		795AB5EA2E0C560400BA13D5 /* NetworkSwitch.app */ = {isa = PBXFileReference; explicitFileType = wrapper.application; includeInIndex = 0; path = NetworkSwitch.app; sourceTree = BUILT_PRODUCTS_DIR; };
		795AB5FB2E0C560500BA13D5 /* NetworkSwitchTests.xctest */ = {isa = PBXFileReference; explicitFileType = wrapper.cfbundle; includeInIndex = 0; path = NetworkSwitchTests.xctest; sourceTree = BUILT_PRODUCTS_DIR; };
		795AB6052E0C560500BA13D5 /* NetworkSwitchUITests.xctest */ = {isa = PBXFileReference; explicitFileType = wrapper.cfbundle; includeInIndex = 0; path = NetworkSwitchUITests.xctest; sourceTree = BUILT_PRODUCTS_DIR; };
/* End PBXFileReference section */

/* Begin PBXFileSystemSynchronizedRootGroup section */
		795AB5EC2E0C560400BA13D5 /* NetworkSwitch */ = {
			isa = PBXFileSystemSynchronizedRootGroup;
			path = NetworkSwitch;
			sourceTree = "<group>";
		};
		795AB5FE2E0C560500BA13D5 /* NetworkSwitchTests */ = {
			isa = PBXFileSystemSynchronizedRootGroup;
			path = NetworkSwitchTests;
			sourceTree = "<group>";
		};
		795AB6082E0C560500BA13D5 /* NetworkSwitchUITests */ = {
			isa = PBXFileSystemSynchronizedRootGroup;
			path = NetworkSwitchUITests;
			sourceTree = "<group>";
		};
/* End PBXFileSystemSynchronizedRootGroup section */

/* Begin PBXFrameworksBuildPhase section */
		795AB5E72E0C560400BA13D5 /* Frameworks */ = {
			isa = PBXFrameworksBuildPhase;
			buildActionMask = 2147483647;
			files = (
			);
			runOnlyForDeploymentPostprocessing = 0;
		};
		795AB5F82E0C560500BA13D5 /* Frameworks */ = {
			isa = PBXFrameworksBuildPhase;
			buildActionMask = 2147483647;
			files = (
			);
			runOnlyForDeploymentPostprocessing = 0;
		};
		795AB6022E0C560500BA13D5 /* Frameworks */ = {
			isa = PBXFrameworksBuildPhase;
			buildActionMask = 2147483647;
			files = (
			);
			runOnlyForDeploymentPostprocessing = 0;
		};
/* End PBXFrameworksBuildPhase section */

/* Begin PBXGroup section */
		795AB5E12E0C560400BA13D5 = {
			isa = PBXGroup;
			children = (
				795AB5EC2E0C560400BA13D5 /* NetworkSwitch */,
				795AB5FE2E0C560500BA13D5 /* NetworkSwitchTests */,
				795AB6082E0C560500BA13D5 /* NetworkSwitchUITests */,
				795AB5EB2E0C560400BA13D5 /* Products */,
			);
			sourceTree = "<group>";
		};
		795AB5EB2E0C560400BA13D5 /* Products */ = {
			isa = PBXGroup;
			children = (
				795AB5EA2E0C560400BA13D5 /* NetworkSwitch.app */,
				795AB5FB2E0C560500BA13D5 /* NetworkSwitchTests.xctest */,
				795AB6052E0C560500BA13D5 /* NetworkSwitchUITests.xctest */,
			);
			name = Products;
			sourceTree = "<group>";
		};
/* End PBXGroup section */

/* Begin PBXNativeTarget section */
		795AB5E92E0C560400BA13D5 /* NetworkSwitch */ = {
			isa = PBXNativeTarget;
			buildConfigurationList = 795AB60F2E0C560500BA13D5 /* Build configuration list for PBXNativeTarget "NetworkSwitch" */;
			buildPhases = (
				795AB5E62E0C560400BA13D5 /* Sources */,
				795AB5E72E0C560400BA13D5 /* Frameworks */,
				795AB5E82E0C560400BA13D5 /* Resources */,
			);
			buildRules = (
			);
			dependencies = (
			);
			fileSystemSynchronizedGroups = (
				795AB5EC2E0C560400BA13D5 /* NetworkSwitch */,
			);
			name = NetworkSwitch;
			packageProductDependencies = (
			);
			productName = NetworkSwitch;
			productReference = 795AB5EA2E0C560400BA13D5 /* NetworkSwitch.app */;
			productType = "com.apple.product-type.application";
		};
		795AB5FA2E0C560500BA13D5 /* NetworkSwitchTests */ = {
			isa = PBXNativeTarget;
			buildConfigurationList = 795AB6122E0C560500BA13D5 /* Build configuration list for PBXNativeTarget "NetworkSwitchTests" */;
			buildPhases = (
				795AB5F72E0C560500BA13D5 /* Sources */,
				795AB5F82E0C560500BA13D5 /* Frameworks */,
				795AB5F92E0C560500BA13D5 /* Resources */,
			);
			buildRules = (
			);
			dependencies = (
				795AB5FD2E0C560500BA13D5 /* PBXTargetDependency */,
			);
			fileSystemSynchronizedGroups = (
				795AB5FE2E0C560500BA13D5 /* NetworkSwitchTests */,
			);
			name = NetworkSwitchTests;
			packageProductDependencies = (
			);
			productName = NetworkSwitchTests;
			productReference = 795AB5FB2E0C560500BA13D5 /* NetworkSwitchTests.xctest */;
			productType = "com.apple.product-type.bundle.unit-test";
		};
		795AB6042E0C560500BA13D5 /* NetworkSwitchUITests */ = {
			isa = PBXNativeTarget;
			buildConfigurationList = 795AB6152E0C560500BA13D5 /* Build configuration list for PBXNativeTarget "NetworkSwitchUITests" */;
			buildPhases = (
				795AB6012E0C560500BA13D5 /* Sources */,
				795AB6022E0C560500BA13D5 /* Frameworks */,
				795AB6032E0C560500BA13D5 /* Resources */,
			);
			buildRules = (
			);
			dependencies = (
				795AB6072E0C560500BA13D5 /* PBXTargetDependency */,
			);
			fileSystemSynchronizedGroups = (
				795AB6082E0C560500BA13D5 /* NetworkSwitchUITests */,
			);
			name = NetworkSwitchUITests;
			packageProductDependencies = (
			);
			productName = NetworkSwitchUITests;
			productReference = 795AB6052E0C560500BA13D5 /* NetworkSwitchUITests.xctest */;
			productType = "com.apple.product-type.bundle.ui-testing";
		};
/* End PBXNativeTarget section */

/* Begin PBXProject section */
		795AB5E22E0C560400BA13D5 /* Project object */ = {
			isa = PBXProject;
			attributes = {
				BuildIndependentTargetsInParallel = 1;
				LastSwiftUpdateCheck = 1630;
				LastUpgradeCheck = 1630;
				TargetAttributes = {
					795AB5E92E0C560400BA13D5 = {
						CreatedOnToolsVersion = 16.3;
					};
					795AB5FA2E0C560500BA13D5 = {
						CreatedOnToolsVersion = 16.3;
						TestTargetID = 795AB5E92E0C560400BA13D5;
					};
					795AB6042E0C560500BA13D5 = {
						CreatedOnToolsVersion = 16.3;
						TestTargetID = 795AB5E92E0C560400BA13D5;
					};
				};
			};
			buildConfigurationList = 795AB5E52E0C560400BA13D5 /* Build configuration list for PBXProject "NetworkSwitch" */;
			developmentRegion = en;
			hasScannedForEncodings = 0;
			knownRegions = (
				en,
				Base,
			);
			mainGroup = 795AB5E12E0C560400BA13D5;
			minimizedProjectReferenceProxies = 1;
			preferredProjectObjectVersion = 77;
			productRefGroup = 795AB5EB2E0C560400BA13D5 /* Products */;
			projectDirPath = "";
			projectRoot = "";
			targets = (
				795AB5E92E0C560400BA13D5 /* NetworkSwitch */,
				795AB5FA2E0C560500BA13D5 /* NetworkSwitchTests */,
				795AB6042E0C560500BA13D5 /* NetworkSwitchUITests */,
			);
		};
/* End PBXProject section */

/* Begin PBXResourcesBuildPhase section */
		795AB5E82E0C560400BA13D5 /* Resources */ = {
			isa = PBXResourcesBuildPhase;
			buildActionMask = 2147483647;
			files = (
			);
			runOnlyForDeploymentPostprocessing = 0;
		};
		795AB5F92E0C560500BA13D5 /* Resources */ = {
			isa = PBXResourcesBuildPhase;
			buildActionMask = 2147483647;
			files = (
			);
			runOnlyForDeploymentPostprocessing = 0;
		};
		795AB6032E0C560500BA13D5 /* Resources */ = {
			isa = PBXResourcesBuildPhase;
			buildActionMask = 2147483647;
			files = (
			);
			runOnlyForDeploymentPostprocessing = 0;
		};
/* End PBXResourcesBuildPhase section */

/* Begin PBXSourcesBuildPhase section */
		795AB5E62E0C560400BA13D5 /* Sources */ = {
			isa = PBXSourcesBuildPhase;
			buildActionMask = 2147483647;
			files = (
			);
			runOnlyForDeploymentPostprocessing = 0;
		};
		795AB5F72E0C560500BA13D5 /* Sources */ = {
			isa = PBXSourcesBuildPhase;
			buildActionMask = 2147483647;
			files = (
			);
			runOnlyForDeploymentPostprocessing = 0;
		};
		795AB6012E0C560500BA13D5 /* Sources */ = {
			isa = PBXSourcesBuildPhase;
			buildActionMask = 2147483647;
			files = (
			);
			runOnlyForDeploymentPostprocessing = 0;
		};
/* End PBXSourcesBuildPhase section */

/* Begin PBXTargetDependency section */
		795AB5FD2E0C560500BA13D5 /* PBXTargetDependency */ = {
			isa = PBXTargetDependency;
			target = 795AB5E92E0C560400BA13D5 /* NetworkSwitch */;
			targetProxy = 795AB5FC2E0C560500BA13D5 /* PBXContainerItemProxy */;
		};
		795AB6072E0C560500BA13D5 /* PBXTargetDependency */ = {
			isa = PBXTargetDependency;
			target = 795AB5E92E0C560400BA13D5 /* NetworkSwitch */;
			targetProxy = 795AB6062E0C560500BA13D5 /* PBXContainerItemProxy */;
		};
/* End PBXTargetDependency section */

/* Begin XCBuildConfiguration section */
		795AB60D2E0C560500BA13D5 /* Debug */ = {
			isa = XCBuildConfiguration;
			buildSettings = {
				ALWAYS_SEARCH_USER_PATHS = NO;
				ASSETCATALOG_COMPILER_GENERATE_SWIFT_ASSET_SYMBOL_EXTENSIONS = YES;
				CLANG_ANALYZER_NONNULL = YES;
				CLANG_ANALYZER_NUMBER_OBJECT_CONVERSION = YES_AGGRESSIVE;
				CLANG_CXX_LANGUAGE_STANDARD = "gnu++20";
				CLANG_ENABLE_MODULES = YES;
				CLANG_ENABLE_OBJC_ARC = YES;
				CLANG_ENABLE_OBJC_WEAK = YES;
				CLANG_WARN_BLOCK_CAPTURE_AUTORELEASING = YES;
				CLANG_WARN_BOOL_CONVERSION = YES;
				CLANG_WARN_COMMA = YES;
				CLANG_WARN_CONSTANT_CONVERSION = YES;
				CLANG_WARN_DEPRECATED_OBJC_IMPLEMENTATIONS = YES;
				CLANG_WARN_DIRECT_OBJC_ISA_USAGE = YES_ERROR;
				CLANG_WARN_DOCUMENTATION_COMMENTS = YES;
				CLANG_WARN_EMPTY_BODY = YES;
				CLANG_WARN_ENUM_CONVERSION = YES;
				CLANG_WARN_INFINITE_RECURSION = YES;
				CLANG_WARN_INT_CONVERSION = YES;
				CLANG_WARN_NON_LITERAL_NULL_CONVERSION = YES;
				CLANG_WARN_OBJC_IMPLICIT_RETAIN_SELF = YES;
				CLANG_WARN_OBJC_LITERAL_CONVERSION = YES;
				CLANG_WARN_OBJC_ROOT_CLASS = YES_ERROR;
				CLANG_WARN_QUOTED_INCLUDE_IN_FRAMEWORK_HEADER = YES;
				CLANG_WARN_RANGE_LOOP_ANALYSIS = YES;
				CLANG_WARN_STRICT_PROTOTYPES = YES;
				CLANG_WARN_SUSPICIOUS_MOVE = YES;
				CLANG_WARN_UNGUARDED_AVAILABILITY = YES_AGGRESSIVE;
				CLANG_WARN_UNREACHABLE_CODE = YES;
				CLANG_WARN__DUPLICATE_METHOD_MATCH = YES;
				COPY_PHASE_STRIP = NO;
				DEBUG_INFORMATION_FORMAT = dwarf;
				DEVELOPMENT_TEAM = 6UQAUTJBYR;
				ENABLE_STRICT_OBJC_MSGSEND = YES;
				ENABLE_TESTABILITY = YES;
				ENABLE_USER_SCRIPT_SANDBOXING = YES;
				GCC_C_LANGUAGE_STANDARD = gnu17;
				GCC_DYNAMIC_NO_PIC = NO;
				GCC_NO_COMMON_BLOCKS = YES;
				GCC_OPTIMIZATION_LEVEL = 0;
				GCC_PREPROCESSOR_DEFINITIONS = (
					"DEBUG=1",
					"$(inherited)",
				);
				GCC_WARN_64_TO_32_BIT_CONVERSION = YES;
				GCC_WARN_ABOUT_RETURN_TYPE = YES_ERROR;
				GCC_WARN_UNDECLARED_SELECTOR = YES;
				GCC_WARN_UNINITIALIZED_AUTOS = YES_AGGRESSIVE;
				GCC_WARN_UNUSED_FUNCTION = YES;
				GCC_WARN_UNUSED_VARIABLE = YES;
				LOCALIZATION_PREFERS_STRING_CATALOGS = YES;
				MACOSX_DEPLOYMENT_TARGET = 15.3;
				MTL_ENABLE_DEBUG_INFO = INCLUDE_SOURCE;
				MTL_FAST_MATH = YES;
				ONLY_ACTIVE_ARCH = YES;
				SDKROOT = macosx;
				SWIFT_ACTIVE_COMPILATION_CONDITIONS = "DEBUG $(inherited)";
				SWIFT_OPTIMIZATION_LEVEL = "-Onone";
			};
			name = Debug;
		};
		795AB60E2E0C560500BA13D5 /* Release */ = {
			isa = XCBuildConfiguration;
			buildSettings = {
				ALWAYS_SEARCH_USER_PATHS = NO;
				ASSETCATALOG_COMPILER_GENERATE_SWIFT_ASSET_SYMBOL_EXTENSIONS = YES;
				CLANG_ANALYZER_NONNULL = YES;
				CLANG_ANALYZER_NUMBER_OBJECT_CONVERSION = YES_AGGRESSIVE;
				CLANG_CXX_LANGUAGE_STANDARD = "gnu++20";
				CLANG_ENABLE_MODULES = YES;
				CLANG_ENABLE_OBJC_ARC = YES;
				CLANG_ENABLE_OBJC_WEAK = YES;
				CLANG_WARN_BLOCK_CAPTURE_AUTORELEASING = YES;
				CLANG_WARN_BOOL_CONVERSION = YES;
				CLANG_WARN_COMMA = YES;
				CLANG_WARN_CONSTANT_CONVERSION = YES;
				CLANG_WARN_DEPRECATED_OBJC_IMPLEMENTATIONS = YES;
				CLANG_WARN_DIRECT_OBJC_ISA_USAGE = YES_ERROR;
				CLANG_WARN_DOCUMENTATION_COMMENTS = YES;
				CLANG_WARN_EMPTY_BODY = YES;
				CLANG_WARN_ENUM_CONVERSION = YES;
				CLANG_WARN_INFINITE_RECURSION = YES;
				CLANG_WARN_INT_CONVERSION = YES;
				CLANG_WARN_NON_LITERAL_NULL_CONVERSION = YES;
				CLANG_WARN_OBJC_IMPLICIT_RETAIN_SELF = YES;
				CLANG_WARN_OBJC_LITERAL_CONVERSION = YES;
				CLANG_WARN_OBJC_ROOT_CLASS = YES_ERROR;
				CLANG_WARN_QUOTED_INCLUDE_IN_FRAMEWORK_HEADER = YES;
				CLANG_WARN_RANGE_LOOP_ANALYSIS = YES;
				CLANG_WARN_STRICT_PROTOTYPES = YES;
				CLANG_WARN_SUSPICIOUS_MOVE = YES;
				CLANG_WARN_UNGUARDED_AVAILABILITY = YES_AGGRESSIVE;
				CLANG_WARN_UNREACHABLE_CODE = YES;
				CLANG_WARN__DUPLICATE_METHOD_MATCH = YES;
				COPY_PHASE_STRIP = NO;
				DEBUG_INFORMATION_FORMAT = "dwarf-with-dsym";
				DEVELOPMENT_TEAM = 6UQAUTJBYR;
				ENABLE_NS_ASSERTIONS = NO;
				ENABLE_STRICT_OBJC_MSGSEND = YES;
				ENABLE_USER_SCRIPT_SANDBOXING = YES;
				GCC_C_LANGUAGE_STANDARD = gnu17;
				GCC_NO_COMMON_BLOCKS = YES;
				GCC_WARN_64_TO_32_BIT_CONVERSION = YES;
				GCC_WARN_ABOUT_RETURN_TYPE = YES_ERROR;
				GCC_WARN_UNDECLARED_SELECTOR = YES;
				GCC_WARN_UNINITIALIZED_AUTOS = YES_AGGRESSIVE;
				GCC_WARN_UNUSED_FUNCTION = YES;
				GCC_WARN_UNUSED_VARIABLE = YES;
				LOCALIZATION_PREFERS_STRING_CATALOGS = YES;
				MACOSX_DEPLOYMENT_TARGET = 15.3;
				MTL_ENABLE_DEBUG_INFO = NO;
				MTL_FAST_MATH = YES;
				SDKROOT = macosx;
				SWIFT_COMPILATION_MODE = wholemodule;
			};
			name = Release;
		};
		795AB6102E0C560500BA13D5 /* Debug */ = {
			isa = XCBuildConfiguration;
			buildSettings = {
				ASSETCATALOG_COMPILER_APPICON_NAME = AppIcon;
				ASSETCATALOG_COMPILER_GLOBAL_ACCENT_COLOR_NAME = AccentColor;
				CODE_SIGN_ENTITLEMENTS = NetworkSwitch/NetworkSwitch.entitlements;
				CODE_SIGN_STYLE = Automatic;
				COMBINE_HIDPI_IMAGES = YES;
				CURRENT_PROJECT_VERSION = 1;
				DEVELOPMENT_TEAM = 6UQAUTJBYR;
				ENABLE_HARDENED_RUNTIME = YES;
				GENERATE_INFOPLIST_FILE = YES;
				INFOPLIST_KEY_NSHumanReadableCopyright = "";
				INFOPLIST_KEY_NSMainStoryboardFile = Main;
				INFOPLIST_KEY_NSPrincipalClass = NSApplication;
				LD_RUNPATH_SEARCH_PATHS = (
					"$(inherited)",
					"@executable_path/../Frameworks",
				);
				MARKETING_VERSION = 1.0;
				PRODUCT_BUNDLE_IDENTIFIER = com.brain.NetworkSwitch;
				PRODUCT_NAME = "$(TARGET_NAME)";
				REGISTER_APP_GROUPS = YES;
				SWIFT_EMIT_LOC_STRINGS = YES;
				SWIFT_VERSION = 5.0;
			};
			name = Debug;
		};
		795AB6112E0C560500BA13D5 /* Release */ = {
			isa = XCBuildConfiguration;
			buildSettings = {
				ASSETCATALOG_COMPILER_APPICON_NAME = AppIcon;
				ASSETCATALOG_COMPILER_GLOBAL_ACCENT_COLOR_NAME = AccentColor;
				CODE_SIGN_ENTITLEMENTS = NetworkSwitch/NetworkSwitch.entitlements;
				CODE_SIGN_STYLE = Automatic;
				COMBINE_HIDPI_IMAGES = YES;
				CURRENT_PROJECT_VERSION = 1;
				DEVELOPMENT_TEAM = 6UQAUTJBYR;
				ENABLE_HARDENED_RUNTIME = YES;
				GENERATE_INFOPLIST_FILE = YES;
				INFOPLIST_KEY_NSHumanReadableCopyright = "";
				INFOPLIST_KEY_NSMainStoryboardFile = Main;
				INFOPLIST_KEY_NSPrincipalClass = NSApplication;
				LD_RUNPATH_SEARCH_PATHS = (
					"$(inherited)",
					"@executable_path/../Frameworks",
				);
				MARKETING_VERSION = 1.0;
				PRODUCT_BUNDLE_IDENTIFIER = com.brain.NetworkSwitch;
				PRODUCT_NAME = "$(TARGET_NAME)";
				REGISTER_APP_GROUPS = YES;
				SWIFT_EMIT_LOC_STRINGS = YES;
				SWIFT_VERSION = 5.0;
			};
			name = Release;
		};
		795AB6132E0C560500BA13D5 /* Debug */ = {
			isa = XCBuildConfiguration;
			buildSettings = {
				BUNDLE_LOADER = "$(TEST_HOST)";
				CODE_SIGN_STYLE = Automatic;
				CURRENT_PROJECT_VERSION = 1;
				DEVELOPMENT_TEAM = 6UQAUTJBYR;
				GENERATE_INFOPLIST_FILE = YES;
				MACOSX_DEPLOYMENT_TARGET = 15.3;
				MARKETING_VERSION = 1.0;
				PRODUCT_BUNDLE_IDENTIFIER = com.brain.NetworkSwitchTests;
				PRODUCT_NAME = "$(TARGET_NAME)";
				SWIFT_EMIT_LOC_STRINGS = NO;
				SWIFT_VERSION = 5.0;
				TEST_HOST = "$(BUILT_PRODUCTS_DIR)/NetworkSwitch.app/$(BUNDLE_EXECUTABLE_FOLDER_PATH)/NetworkSwitch";
			};
			name = Debug;
		};
		795AB6142E0C560500BA13D5 /* Release */ = {
			isa = XCBuildConfiguration;
			buildSettings = {
				BUNDLE_LOADER = "$(TEST_HOST)";
				CODE_SIGN_STYLE = Automatic;
				CURRENT_PROJECT_VERSION = 1;
				DEVELOPMENT_TEAM = 6UQAUTJBYR;
				GENERATE_INFOPLIST_FILE = YES;
				MACOSX_DEPLOYMENT_TARGET = 15.3;
				MARKETING_VERSION = 1.0;
				PRODUCT_BUNDLE_IDENTIFIER = com.brain.NetworkSwitchTests;
				PRODUCT_NAME = "$(TARGET_NAME)";
				SWIFT_EMIT_LOC_STRINGS = NO;
				SWIFT_VERSION = 5.0;
				TEST_HOST = "$(BUILT_PRODUCTS_DIR)/NetworkSwitch.app/$(BUNDLE_EXECUTABLE_FOLDER_PATH)/NetworkSwitch";
			};
			name = Release;
		};
		795AB6162E0C560500BA13D5 /* Debug */ = {
			isa = XCBuildConfiguration;
			buildSettings = {
				CODE_SIGN_STYLE = Automatic;
				CURRENT_PROJECT_VERSION = 1;
				DEVELOPMENT_TEAM = 6UQAUTJBYR;
				GENERATE_INFOPLIST_FILE = YES;
				MARKETING_VERSION = 1.0;
				PRODUCT_BUNDLE_IDENTIFIER = com.brain.NetworkSwitchUITests;
				PRODUCT_NAME = "$(TARGET_NAME)";
				SWIFT_EMIT_LOC_STRINGS = NO;
				SWIFT_VERSION = 5.0;
				TEST_TARGET_NAME = NetworkSwitch;
			};
			name = Debug;
		};
		795AB6172E0C560500BA13D5 /* Release */ = {
			isa = XCBuildConfiguration;
			buildSettings = {
				CODE_SIGN_STYLE = Automatic;
				CURRENT_PROJECT_VERSION = 1;
				DEVELOPMENT_TEAM = 6UQAUTJBYR;
				GENERATE_INFOPLIST_FILE = YES;
				MARKETING_VERSION = 1.0;
				PRODUCT_BUNDLE_IDENTIFIER = com.brain.NetworkSwitchUITests;
				PRODUCT_NAME = "$(TARGET_NAME)";
				SWIFT_EMIT_LOC_STRINGS = NO;
				SWIFT_VERSION = 5.0;
				TEST_TARGET_NAME = NetworkSwitch;
			};
			name = Release;
		};
/* End XCBuildConfiguration section */

/* Begin XCConfigurationList section */
		795AB5E52E0C560400BA13D5 /* Build configuration list for PBXProject "NetworkSwitch" */ = {
			isa = XCConfigurationList;
			buildConfigurations = (
				795AB60D2E0C560500BA13D5 /* Debug */,
				795AB60E2E0C560500BA13D5 /* Release */,
			);
			defaultConfigurationIsVisible = 0;
			defaultConfigurationName = Release;
		};
		795AB60F2E0C560500BA13D5 /* Build configuration list for PBXNativeTarget "NetworkSwitch" */ = {
			isa = XCConfigurationList;
			buildConfigurations = (
				795AB6102E0C560500BA13D5 /* Debug */,
				795AB6112E0C560500BA13D5 /* Release */,
			);
			defaultConfigurationIsVisible = 0;
			defaultConfigurationName = Release;
		};
		795AB6122E0C560500BA13D5 /* Build configuration list for PBXNativeTarget "NetworkSwitchTests" */ = {
			isa = XCConfigurationList;
			buildConfigurations = (
				795AB6132E0C560500BA13D5 /* Debug */,
				795AB6142E0C560500BA13D5 /* Release */,
			);
			defaultConfigurationIsVisible = 0;
			defaultConfigurationName = Release;
		};
		795AB6152E0C560500BA13D5 /* Build configuration list for PBXNativeTarget "NetworkSwitchUITests" */ = {
			isa = XCConfigurationList;
			buildConfigurations = (
				795AB6162E0C560500BA13D5 /* Debug */,
				795AB6172E0C560500BA13D5 /* Release */,
			);
			defaultConfigurationIsVisible = 0;
			defaultConfigurationName = Release;
		};
/* End XCConfigurationList section */
	};
	rootObject = 795AB5E22E0C560400BA13D5 /* Project object */;
}
